
Microsoft Visual Studio Solution File, Format Version 12.00
# Visual Studio Version 17
VisualStudioVersion = 17.1.32421.90
MinimumVisualStudioVersion = 10.0.40219.1
Project("{FAE04EC0-301F-11D3-BF4B-00C04F79EFBC}") = "ShoppingBasket", "ShoppingBasket\ShoppingBasket.csproj", "{33AF5652-192A-40C4-9377-E69433DF33D1}"
EndProject
Project("{FAE04EC0-301F-11D3-BF4B-00C04F79EFBC}") = "ShoppingBasketTests", "ShoppingBasketTests\ShoppingBasketTests.csproj", "{93530BC7-21EE-44D6-9B06-4A77C4C59134}"
EndProject
Global
	GlobalSection(SolutionConfigurationPlatforms) = preSolution
		Debug|Any CPU = Debug|Any CPU
		Release|Any CPU = Release|Any CPU
	EndGlobalSection
	GlobalSection(ProjectConfigurationPlatforms) = postSolution
		{33AF5652-192A-40C4-9377-E69433DF33D1}.Debug|Any CPU.ActiveCfg = Debug|Any CPU
		{33AF5652-192A-40C4-9377-E69433DF33D1}.Debug|Any CPU.Build.0 = Debug|Any CPU
		{33AF5652-192A-40C4-9377-E69433DF33D1}.Release|Any CPU.ActiveCfg = Release|Any CPU
		{33AF5652-192A-40C4-9377-E69433DF33D1}.Release|Any CPU.Build.0 = Release|Any CPU
		{93530BC7-21EE-44D6-9B06-4A77C4C59134}.Debug|Any CPU.ActiveCfg = Debug|Any CPU
		{93530BC7-21EE-44D6-9B06-4A77C4C59134}.Debug|Any CPU.Build.0 = Debug|Any CPU
		{93530BC7-21EE-44D6-9B06-4A77C4C59134}.Release|Any CPU.ActiveCfg = Release|Any CPU
		{93530BC7-21EE-44D6-9B06-4A77C4C59134}.Release|Any CPU.Build.0 = Release|Any CPU
	EndGlobalSection
	GlobalSection(SolutionProperties) = preSolution
		HideSolutionNode = FALSE
	EndGlobalSection
	GlobalSection(ExtensibilityGlobals) = postSolution
		SolutionGuid = {21C5B1DC-0447-476F-8B40-78B87A366251}
	EndGlobalSection
EndGlobal
